{
  "name": "ajs-usage",
  "lockfileVersion": 3,
  "requires": true,
  "packages": {
    "": {
      "dependencies": {
        "@pastila-147/ajs": "^1.0.0"
      }
    },
    "node_modules/@pastila-147/ajs": {
      "version": "1.0.0",
      "resolved": "https://npm.pkg.github.com/download/@pastila-147/ajs/1.0.0/8d86984280f9d8d6439a7d472c61ab769d923b89",
      "integrity": "sha512-8wi8U0hkIlVizm9R+ogdCG8xIhowI5ZvNZG7vaiklqZRHbSyfuM9EGrJwwQzYzF2rcU6eZggg204ta3ZTXLDLA=="
    }
  }
}
